# THIS IS AN AUTOGENERATED FILE. DO NOT EDIT THIS FILE DIRECTLY.
# yarn lockfile v1


"@discoveryjs/json-ext@^0.5.0":
  version "0.5.6"
  resolved "https://registry.npmmirror.com/@discoveryjs/json-ext/download/@discoveryjs/json-ext-0.5.6.tgz#d5e0706cf8c6acd8c6032f8d54070af261bbbb2f"
  integrity sha512-ws57AidsDvREKrZKYffXddNkyaF14iHNHm8VQnZH6t99E8gczjNN0GpvcGny0imC80yQ0tHz1xVUKk/KFQSUyA==

"@types/node@^17.0.8":
  version "17.0.8"
  resolved "https://registry.npmmirror.com/@types/node/download/@types/node-17.0.8.tgz#50d680c8a8a78fe30abe6906453b21ad8ab0ad7b"
  integrity sha512-YofkM6fGv4gDJq78g4j0mMuGMkZVxZDgtU0JRdx6FgiJDG+0fY0GKVolOV8WqVmEhLCXkQRjwDdKyPxJp/uucg==

"@types/tampermonkey@^4.0.5":
  version "4.0.5"
  resolved "https://registry.npmmirror.com/@types/tampermonkey/download/@types/tampermonkey-4.0.5.tgz#03a0c2366a7c1fe5e1c77c88adf568f40b3c18e5"
  integrity sha1-A6DCNmp8H+Xhx3yIrfVo9As8GOU=

"@webpack-cli/configtest@^1.1.0":
  version "1.1.0"
  resolved "https://registry.npmmirror.com/@webpack-cli/configtest/download/@webpack-cli/configtest-1.1.0.tgz?cache=0&sync_timestamp=1633553239176&other_urls=https%3A%2F%2Fregistry.npmmirror.com%2F%40webpack-cli%2Fconfigtest%2Fdownload%2F%40webpack-cli%2Fconfigtest-1.1.0.tgz#8342bef0badfb7dfd3b576f2574ab80c725be043"
  integrity sha1-g0K+8Lrft9/TtXbyV0q4DHJb4EM=

"@webpack-cli/info@^1.4.0":
  version "1.4.0"
  resolved "https://registry.npmmirror.com/@webpack-cli/info/download/@webpack-cli/info-1.4.0.tgz?cache=0&sync_timestamp=1633553269200&other_urls=https%3A%2F%2Fregistry.npmmirror.com%2F%40webpack-cli%2Finfo%2Fdownload%2F%40webpack-cli%2Finfo-1.4.0.tgz#b9179c3227ab09cbbb149aa733475fcf99430223"
  integrity sha1-uRecMierCcu7FJqnM0dfz5lDAiM=
  dependencies:
    envinfo "^7.7.3"

"@webpack-cli/serve@^1.6.0":
  version "1.6.0"
  resolved "https://registry.npmmirror.com/@webpack-cli/serve/download/@webpack-cli/serve-1.6.0.tgz?cache=0&sync_timestamp=1633553365700&other_urls=https%3A%2F%2Fregistry.npmmirror.com%2F%40webpack-cli%2Fserve%2Fdownload%2F%40webpack-cli%2Fserve-1.6.0.tgz#2c275aa05c895eccebbfc34cfb223c6e8bd591a2"
  integrity sha1-LCdaoFyJXszrv8NM+yI8bovVkaI=

clone-deep@^4.0.1:
  version "4.0.1"
  resolved "https://registry.nlark.com/clone-deep/download/clone-deep-4.0.1.tgz#c19fd9bdbbf85942b4fd979c84dcf7d5f07c2387"
  integrity sha1-wZ/Zvbv4WUK0/ZechNz31fB8I4c=
  dependencies:
    is-plain-object "^2.0.4"
    kind-of "^6.0.2"
    shallow-clone "^3.0.0"

colorette@^2.0.14:
  version "2.0.16"
  resolved "https://registry.npmmirror.com/colorette/download/colorette-2.0.16.tgz#713b9af84fdb000139f04546bd4a93f62a5085da"
  integrity sha1-cTua+E/bAAE58EVGvUqT9ipQhdo=

commander@^7.0.0:
  version "7.2.0"
  resolved "https://registry.npmmirror.com/commander/download/commander-7.2.0.tgz#a36cb57d0b501ce108e4d20559a150a391d97ab7"
  integrity sha512-QrWXB+ZQSVPmIWIhtEO9H+gwHaMGYiF5ChvoJ+K9ZGHG/sVsa6yiesAD1GC/x46sET00Xlwo1u49RVVVzvcSkw==

cross-spawn@^7.0.3:
  version "7.0.3"
  resolved "https://registry.npm.taobao.org/cross-spawn/download/cross-spawn-7.0.3.tgz#f73a85b9d5d41d045551c177e2882d4ac85728a6"
  integrity sha1-9zqFudXUHQRVUcF34ogtSshXKKY=
  dependencies:
    path-key "^3.1.0"
    shebang-command "^2.0.0"
    which "^2.0.1"

envinfo@^7.7.3:
  version "7.8.1"
  resolved "https://registry.npm.taobao.org/envinfo/download/envinfo-7.8.1.tgz?cache=0&sync_timestamp=1617672991550&other_urls=https%3A%2F%2Fregistry.npm.taobao.org%2Fenvinfo%2Fdownload%2Fenvinfo-7.8.1.tgz#06377e3e5f4d379fea7ac592d5ad8927e0c4d475"
  integrity sha1-Bjd+Pl9NN5/qesWS1a2JJ+DE1HU=

execa@^5.0.0:
  version "5.1.1"
  resolved "https://registry.npmmirror.com/execa/download/execa-5.1.1.tgz?cache=0&sync_timestamp=1637147236741&other_urls=https%3A%2F%2Fregistry.npmmirror.com%2Fexeca%2Fdownload%2Fexeca-5.1.1.tgz#f80ad9cbf4298f7bd1d4c9555c21e93741c411dd"
  integrity sha1-+ArZy/Qpj3vR1MlVXCHpN0HEEd0=
  dependencies:
    cross-spawn "^7.0.3"
    get-stream "^6.0.0"
    human-signals "^2.1.0"
    is-stream "^2.0.0"
    merge-stream "^2.0.0"
    npm-run-path "^4.0.1"
    onetime "^5.1.2"
    signal-exit "^3.0.3"
    strip-final-newline "^2.0.0"

fastest-levenshtein@^1.0.12:
  version "1.0.12"
  resolved "https://registry.npm.taobao.org/fastest-levenshtein/download/fastest-levenshtein-1.0.12.tgz#9990f7d3a88cc5a9ffd1f1745745251700d497e2"
  integrity sha1-mZD306iMxan/0fF0V0UlFwDUl+I=

find-up@^4.0.0:
  version "4.1.0"
  resolved "https://registry.npmmirror.com/find-up/download/find-up-4.1.0.tgz#97afe7d6cdc0bc5928584b7c8d7b16e8a9aa5d19"
  integrity sha1-l6/n1s3AvFkoWEt8jXsW6KmqXRk=
  dependencies:
    locate-path "^5.0.0"
    path-exists "^4.0.0"

function-bind@^1.1.1:
  version "1.1.1"
  resolved "https://registry.npm.taobao.org/function-bind/download/function-bind-1.1.1.tgz#a56899d3ea3c9bab874bb9773b7c5ede92f4895d"
  integrity sha1-pWiZ0+o8m6uHS7l3O3xe3pL0iV0=

get-stream@^6.0.0:
  version "6.0.1"
  resolved "https://registry.npm.taobao.org/get-stream/download/get-stream-6.0.1.tgz?cache=0&other_urls=https%3A%2F%2Fregistry.npm.taobao.org%2Fget-stream%2Fdownload%2Fget-stream-6.0.1.tgz#a262d8eef67aced57c2852ad6167526a43cbf7b7"
  integrity sha1-omLY7vZ6ztV8KFKtYWdSakPL97c=

has@^1.0.3:
  version "1.0.3"
  resolved "https://registry.npm.taobao.org/has/download/has-1.0.3.tgz#722d7cbfc1f6aa8241f16dd814e011e1f41e8796"
  integrity sha1-ci18v8H2qoJB8W3YFOAR4fQeh5Y=
  dependencies:
    function-bind "^1.1.1"

human-signals@^2.1.0:
  version "2.1.0"
  resolved "https://registry.nlark.com/human-signals/download/human-signals-2.1.0.tgz?cache=0&sync_timestamp=1624364612113&other_urls=https%3A%2F%2Fregistry.nlark.com%2Fhuman-signals%2Fdownload%2Fhuman-signals-2.1.0.tgz#dc91fcba42e4d06e4abaed33b3e7a3c02f514ea0"
  integrity sha1-3JH8ukLk0G5Kuu0zs+ejwC9RTqA=

import-local@^3.0.2:
  version "3.1.0"
  resolved "https://registry.npmmirror.com/import-local/download/import-local-3.1.0.tgz#b4479df8a5fd44f6cdce24070675676063c95cb4"
  integrity sha512-ASB07uLtnDs1o6EHjKpX34BKYDSqnFerfTOJL2HvMqF70LnxpjkzDB8J44oT9pu4AMPkQwf8jl6szgvNd2tRIg==
  dependencies:
    pkg-dir "^4.2.0"
    resolve-cwd "^3.0.0"

interpret@^2.2.0:
  version "2.2.0"
  resolved "https://registry.npm.taobao.org/interpret/download/interpret-2.2.0.tgz#1a78a0b5965c40a5416d007ad6f50ad27c417df9"
  integrity sha1-GnigtZZcQKVBbQB61vUK0nxBffk=

is-core-module@^2.8.0:
  version "2.8.1"
  resolved "https://registry.npmmirror.com/is-core-module/download/is-core-module-2.8.1.tgz#f59fdfca701d5879d0a6b100a40aa1560ce27211"
  integrity sha512-SdNCUs284hr40hFTFP6l0IfZ/RSrMXF3qgoRHd3/79unUTvrFO/JoXwkGm+5J/Oe3E/b5GsnG330uUNgRpu1PA==
  dependencies:
    has "^1.0.3"

is-plain-object@^2.0.4:
  version "2.0.4"
  resolved "https://registry.npm.taobao.org/is-plain-object/download/is-plain-object-2.0.4.tgz?cache=0&sync_timestamp=1599667247216&other_urls=https%3A%2F%2Fregistry.npm.taobao.org%2Fis-plain-object%2Fdownload%2Fis-plain-object-2.0.4.tgz#2c163b3fafb1b606d9d17928f05c2a1c38e07677"
  integrity sha1-LBY7P6+xtgbZ0Xko8FwqHDjgdnc=
  dependencies:
    isobject "^3.0.1"

is-stream@^2.0.0:
  version "2.0.1"
  resolved "https://registry.nlark.com/is-stream/download/is-stream-2.0.1.tgz#fac1e3d53b97ad5a9d0ae9cef2389f5810a5c077"
  integrity sha1-+sHj1TuXrVqdCunO8jifWBClwHc=

isexe@^2.0.0:
  version "2.0.0"
  resolved "https://registry.npm.taobao.org/isexe/download/isexe-2.0.0.tgz#e8fbf374dc556ff8947a10dcb0572d633f2cfa10"
  integrity sha1-6PvzdNxVb/iUehDcsFctYz8s+hA=

isobject@^3.0.1:
  version "3.0.1"
  resolved "https://registry.npmmirror.com/isobject/download/isobject-3.0.1.tgz#4e431e92b11a9731636aa1f9c8d1ccbcfdab78df"
  integrity sha512-WhB9zCku7EGTj/HQQRz5aUQEUeoQZH2bWcltRErOpymJ4boYE6wL9Tbr23krRPSZ+C5zqNSrSw+Cc7sZZ4b7vg==

kind-of@^6.0.2:
  version "6.0.3"
  resolved "https://registry.npm.taobao.org/kind-of/download/kind-of-6.0.3.tgz#07c05034a6c349fa06e24fa35aa76db4580ce4dd"
  integrity sha1-B8BQNKbDSfoG4k+jWqdttFgM5N0=

locate-path@^5.0.0:
  version "5.0.0"
  resolved "https://registry.nlark.com/locate-path/download/locate-path-5.0.0.tgz#1afba396afd676a6d42504d0a67a3a7eb9f62aa0"
  integrity sha1-Gvujlq/WdqbUJQTQpno6frn2KqA=
  dependencies:
    p-locate "^4.1.0"

merge-stream@^2.0.0:
  version "2.0.0"
  resolved "https://registry.npm.taobao.org/merge-stream/download/merge-stream-2.0.0.tgz#52823629a14dd00c9770fb6ad47dc6310f2c1f60"
  integrity sha1-UoI2KaFN0AyXcPtq1H3GMQ8sH2A=

mimic-fn@^2.1.0:
  version "2.1.0"
  resolved "https://registry.npm.taobao.org/mimic-fn/download/mimic-fn-2.1.0.tgz#7ed2c2ccccaf84d3ffcb7a69b57711fc2083401b"
  integrity sha1-ftLCzMyvhNP/y3pptXcR/CCDQBs=

npm-run-path@^4.0.1:
  version "4.0.1"
  resolved "https://registry.npmmirror.com/npm-run-path/download/npm-run-path-4.0.1.tgz#b7ecd1e5ed53da8e37a55e1c2269e0b97ed748ea"
  integrity sha1-t+zR5e1T2o43pV4cImnguX7XSOo=
  dependencies:
    path-key "^3.0.0"

onetime@^5.1.2:
  version "5.1.2"
  resolved "https://registry.npm.taobao.org/onetime/download/onetime-5.1.2.tgz#d0e96ebb56b07476df1dd9c4806e5237985ca45e"
  integrity sha1-0Oluu1awdHbfHdnEgG5SN5hcpF4=
  dependencies:
    mimic-fn "^2.1.0"

p-limit@^2.2.0:
  version "2.3.0"
  resolved "https://registry.nlark.com/p-limit/download/p-limit-2.3.0.tgz?cache=0&sync_timestamp=1628812766275&other_urls=https%3A%2F%2Fregistry.nlark.com%2Fp-limit%2Fdownload%2Fp-limit-2.3.0.tgz#3dd33c647a214fdfffd835933eb086da0dc21db1"
  integrity sha1-PdM8ZHohT9//2DWTPrCG2g3CHbE=
  dependencies:
    p-try "^2.0.0"

p-locate@^4.1.0:
  version "4.1.0"
  resolved "https://registry.nlark.com/p-locate/download/p-locate-4.1.0.tgz#a3428bb7088b3a60292f66919278b7c297ad4f07"
  integrity sha1-o0KLtwiLOmApL2aRkni3wpetTwc=
  dependencies:
    p-limit "^2.2.0"

p-try@^2.0.0:
  version "2.2.0"
  resolved "https://registry.npmmirror.com/p-try/download/p-try-2.2.0.tgz?cache=0&sync_timestamp=1633364462890&other_urls=https%3A%2F%2Fregistry.npmmirror.com%2Fp-try%2Fdownload%2Fp-try-2.2.0.tgz#cb2868540e313d61de58fafbe35ce9004d5540e6"
  integrity sha1-yyhoVA4xPWHeWPr741zpAE1VQOY=

path-exists@^4.0.0:
  version "4.0.0"
  resolved "https://registry.nlark.com/path-exists/download/path-exists-4.0.0.tgz#513bdbe2d3b95d7762e8c1137efa195c6c61b5b3"
  integrity sha1-UTvb4tO5XXdi6METfvoZXGxhtbM=

path-key@^3.0.0, path-key@^3.1.0:
  version "3.1.1"
  resolved "https://registry.npm.taobao.org/path-key/download/path-key-3.1.1.tgz?cache=0&sync_timestamp=1617971675964&other_urls=https%3A%2F%2Fregistry.npm.taobao.org%2Fpath-key%2Fdownload%2Fpath-key-3.1.1.tgz#581f6ade658cbba65a0d3380de7753295054f375"
  integrity sha1-WB9q3mWMu6ZaDTOA3ndTKVBU83U=

path-parse@^1.0.7:
  version "1.0.7"
  resolved "https://registry.nlark.com/path-parse/download/path-parse-1.0.7.tgz?cache=0&sync_timestamp=1622604541821&other_urls=https%3A%2F%2Fregistry.nlark.com%2Fpath-parse%2Fdownload%2Fpath-parse-1.0.7.tgz#fbc114b60ca42b30d9daf5858e4bd68bbedb6735"
  integrity sha1-+8EUtgykKzDZ2vWFjkvWi77bZzU=

pkg-dir@^4.2.0:
  version "4.2.0"
  resolved "https://registry.npmmirror.com/pkg-dir/download/pkg-dir-4.2.0.tgz?cache=0&sync_timestamp=1633498133295&other_urls=https%3A%2F%2Fregistry.npmmirror.com%2Fpkg-dir%2Fdownload%2Fpkg-dir-4.2.0.tgz#f099133df7ede422e81d1d8448270eeb3e4261f3"
  integrity sha1-8JkTPfft5CLoHR2ESCcO6z5CYfM=
  dependencies:
    find-up "^4.0.0"

rechoir@^0.7.0:
  version "0.7.1"
  resolved "https://registry.nlark.com/rechoir/download/rechoir-0.7.1.tgz?cache=0&sync_timestamp=1627101702123&other_urls=https%3A%2F%2Fregistry.nlark.com%2Frechoir%2Fdownload%2Frechoir-0.7.1.tgz#9478a96a1ca135b5e88fc027f03ee92d6c645686"
  integrity sha1-lHipahyhNbXoj8An8D7pLWxkVoY=
  dependencies:
    resolve "^1.9.0"

resolve-cwd@^3.0.0:
  version "3.0.0"
  resolved "https://registry.npm.taobao.org/resolve-cwd/download/resolve-cwd-3.0.0.tgz#0f0075f1bb2544766cf73ba6a6e2adfebcb13f2d"
  integrity sha1-DwB18bslRHZs9zumpuKt/ryxPy0=
  dependencies:
    resolve-from "^5.0.0"

resolve-from@^5.0.0:
  version "5.0.0"
  resolved "https://registry.npm.taobao.org/resolve-from/download/resolve-from-5.0.0.tgz#c35225843df8f776df21c57557bc087e9dfdfc69"
  integrity sha1-w1IlhD3493bfIcV1V7wIfp39/Gk=

resolve@^1.9.0:
  version "1.21.0"
  resolved "https://registry.npmmirror.com/resolve/download/resolve-1.21.0.tgz#b51adc97f3472e6a5cf4444d34bc9d6b9037591f"
  integrity sha512-3wCbTpk5WJlyE4mSOtDLhqQmGFi0/TD9VPwmiolnk8U0wRgMEktqCXd3vy5buTO3tljvalNvKrjHEfrd2WpEKA==
  dependencies:
    is-core-module "^2.8.0"
    path-parse "^1.0.7"
    supports-preserve-symlinks-flag "^1.0.0"

shallow-clone@^3.0.0:
  version "3.0.1"
  resolved "https://registry.nlark.com/shallow-clone/download/shallow-clone-3.0.1.tgz#8f2981ad92531f55035b01fb230769a40e02efa3"
  integrity sha1-jymBrZJTH1UDWwH7IwdppA4C76M=
  dependencies:
    kind-of "^6.0.2"

shebang-command@^2.0.0:
  version "2.0.0"
  resolved "https://registry.npm.taobao.org/shebang-command/download/shebang-command-2.0.0.tgz#ccd0af4f8835fbdc265b82461aaf0c36663f34ea"
  integrity sha1-zNCvT4g1+9wmW4JGGq8MNmY/NOo=
  dependencies:
    shebang-regex "^3.0.0"

shebang-regex@^3.0.0:
  version "3.0.0"
  resolved "https://registry.nlark.com/shebang-regex/download/shebang-regex-3.0.0.tgz?cache=0&sync_timestamp=1628896405033&other_urls=https%3A%2F%2Fregistry.nlark.com%2Fshebang-regex%2Fdownload%2Fshebang-regex-3.0.0.tgz#ae16f1644d873ecad843b0307b143362d4c42172"
  integrity sha1-rhbxZE2HPsrYQ7AwexQzYtTEIXI=

signal-exit@^3.0.3:
  version "3.0.6"
  resolved "https://registry.npmmirror.com/signal-exit/download/signal-exit-3.0.6.tgz#24e630c4b0f03fea446a2bd299e62b4a6ca8d0af"
  integrity sha512-sDl4qMFpijcGw22U5w63KmD3cZJfBuFlVNbVMKje2keoKML7X2UzWbc4XrmEbDwg0NXJc3yv4/ox7b+JWb57kQ==

strip-final-newline@^2.0.0:
  version "2.0.0"
  resolved "https://registry.nlark.com/strip-final-newline/download/strip-final-newline-2.0.0.tgz#89b852fb2fcbe936f6f4b3187afb0a12c1ab58ad"
  integrity sha1-ibhS+y/L6Tb29LMYevsKEsGrWK0=

supports-preserve-symlinks-flag@^1.0.0:
  version "1.0.0"
  resolved "https://registry.npmmirror.com/supports-preserve-symlinks-flag/download/supports-preserve-symlinks-flag-1.0.0.tgz#6eda4bd344a3c94aea376d4cc31bc77311039e09"
  integrity sha512-ot0WnXS9fgdkgIcePe6RHNk1WA8+muPa6cSjeR3V8K27q9BB1rTE3R1p7Hv0z1ZyAc8s6Vvv8DIyWf681MAt0w==

webpack-cli@^4.9.1:
  version "4.9.1"
  resolved "https://registry.npmmirror.com/webpack-cli/download/webpack-cli-4.9.1.tgz#b64be825e2d1b130f285c314caa3b1ba9a4632b3"
  integrity sha512-JYRFVuyFpzDxMDB+v/nanUdQYcZtqFPGzmlW4s+UkPMFhSpfRNmf1z4AwYcHJVdvEFAM7FFCQdNTpsBYhDLusQ==
  dependencies:
    "@discoveryjs/json-ext" "^0.5.0"
    "@webpack-cli/configtest" "^1.1.0"
    "@webpack-cli/info" "^1.4.0"
    "@webpack-cli/serve" "^1.6.0"
    colorette "^2.0.14"
    commander "^7.0.0"
    execa "^5.0.0"
    fastest-levenshtein "^1.0.12"
    import-local "^3.0.2"
    interpret "^2.2.0"
    rechoir "^0.7.0"
    webpack-merge "^5.7.3"

webpack-merge@^5.7.3:
  version "5.8.0"
  resolved "https://registry.nlark.com/webpack-merge/download/webpack-merge-5.8.0.tgz#2b39dbf22af87776ad744c390223731d30a68f61"
  integrity sha1-Kznb8ir4d3atdEw5AiNzHTCmj2E=
  dependencies:
    clone-deep "^4.0.1"
    wildcard "^2.0.0"

which@^2.0.1:
  version "2.0.2"
  resolved "https://registry.npm.taobao.org/which/download/which-2.0.2.tgz#7c6a8dd0a636a0327e10b59c9286eee93f3f51b1"
  integrity sha1-fGqN0KY2oDJ+ELWckobu6T8/UbE=
  dependencies:
    isexe "^2.0.0"

wildcard@^2.0.0:
  version "2.0.0"
  resolved "https://registry.npm.taobao.org/wildcard/download/wildcard-2.0.0.tgz#a77d20e5200c6faaac979e4b3aadc7b3dd7f8fec"
  integrity sha1-p30g5SAMb6qsl55LOq3Hs91/j+w=
